
Microsoft Visual Studio Solution File, Format Version 12.00
# Visual Studio Version 17
VisualStudioVersion = 17.0.31903.59
MinimumVisualStudioVersion = 10.0.40219.1
Project("{2150E333-8FDC-42A3-9474-1A3956D46DE8}") = "Web", "Web", "{6158C57C-818C-4BFA-A336-8AFA78E8FD13}"
EndProject
Project("{FAE04EC0-301F-11D3-BF4B-00C04F79EFBC}") = "Api", "Web\Api\Api.csproj", "{72F64FD0-3201-4209-BA12-D6E5D9D8D826}"
EndProject
Project("{2150E333-8FDC-42A3-9474-1A3956D46DE8}") = "Modules", "Modules", "{58C03854-1AFB-4410-92F0-E9E79B0FBA37}"
EndProject
Project("{2150E333-8FDC-42A3-9474-1A3956D46DE8}") = "Users", "Users", "{DB22D1F3-97DD-48AC-97C1-8540A7043F71}"
EndProject
Project("{2150E333-8FDC-42A3-9474-1A3956D46DE8}") = "src", "src", "{9C7713D6-9869-473C-8EEB-09C55F564FF2}"
EndProject
Project("{2150E333-8FDC-42A3-9474-1A3956D46DE8}") = "Core", "Core", "{6490AC65-4169-4E1C-96D8-E2E26A01D6CC}"
EndProject
Project("{FAE04EC0-301F-11D3-BF4B-00C04F79EFBC}") = "Modules.Users.Domain", "Modules\Users\src\Core\Modules.Users.Domain\Modules.Users.Domain.csproj", "{D8535E58-D3CB-443A-8D81-76DFBE7B9CD3}"
EndProject
Project("{FAE04EC0-301F-11D3-BF4B-00C04F79EFBC}") = "Modules.Users.Application", "Modules\Users\src\Core\Modules.Users.Application\Modules.Users.Application.csproj", "{3DF920C3-5BC1-44E1-A52F-E7AF49C996EA}"
EndProject
Project("{2150E333-8FDC-42A3-9474-1A3956D46DE8}") = "External", "External", "{04519B87-9BCE-4D2E-B9F9-C172BCCA07B8}"
EndProject
Project("{FAE04EC0-301F-11D3-BF4B-00C04F79EFBC}") = "Modules.Users.Presentation", "Modules\Users\src\External\Modules.Users.Presentation\Modules.Users.Presentation.csproj", "{BFC324C9-545A-4BBA-98FF-A917A06204AA}"
EndProject
Project("{FAE04EC0-301F-11D3-BF4B-00C04F79EFBC}") = "Modules.Users.Infrastructure", "Modules\Users\src\External\Modules.Users.Infrastructure\Modules.Users.Infrastructure.csproj", "{063860A5-447F-4129-9E26-410AB8EC01B1}"
EndProject
Project("{2150E333-8FDC-42A3-9474-1A3956D46DE8}") = "Common", "Common", "{E327019A-73FF-478C-940A-45D9982FB295}"
EndProject
Project("{FAE04EC0-301F-11D3-BF4B-00C04F79EFBC}") = "Common.Application", "Common\Common.Application\Common.Application.csproj", "{5FA4BEE9-E67F-4050-BF2C-B1D1645276CB}"
EndProject
Project("{FAE04EC0-301F-11D3-BF4B-00C04F79EFBC}") = "Common.Presentation", "Common\Common.Presentation\Common.Presentation.csproj", "{6693F5A5-5C6E-4000-8EC7-DC4006A2744E}"
EndProject
Project("{2150E333-8FDC-42A3-9474-1A3956D46DE8}") = "Notifications", "Notifications", "{515EF770-9C4B-445B-A127-E5AA91DA73B4}"
EndProject
Project("{2150E333-8FDC-42A3-9474-1A3956D46DE8}") = "src", "src", "{F76D6635-2610-47AD-B3CB-46C5564558DD}"
EndProject
Project("{2150E333-8FDC-42A3-9474-1A3956D46DE8}") = "External", "External", "{97CFC87D-C3CB-44A1-8B81-01ACD8492A37}"
EndProject
Project("{FAE04EC0-301F-11D3-BF4B-00C04F79EFBC}") = "Modules.Notifications.Presentation", "Modules\Notifications\src\External\Modules.Notifications.Presentation\Modules.Notifications.Presentation.csproj", "{C5DF02E8-943B-476E-88C0-291ED838B5BC}"
EndProject
Project("{FAE04EC0-301F-11D3-BF4B-00C04F79EFBC}") = "Modules.Notifications.Infrastructure", "Modules\Notifications\src\External\Modules.Notifications.Infrastructure\Modules.Notifications.Infrastructure.csproj", "{D7CCDED0-4A42-4136-A1AF-0C2C7B7C28E6}"
EndProject
Project("{2150E333-8FDC-42A3-9474-1A3956D46DE8}") = "Core", "Core", "{9C7674F1-5169-425F-91B5-5CA9848BFFF2}"
EndProject
Project("{FAE04EC0-301F-11D3-BF4B-00C04F79EFBC}") = "Modules.Notifications.Domain", "Modules\Notifications\src\Core\Modules.Notifications.Domain\Modules.Notifications.Domain.csproj", "{95F80E6A-9E84-4DFB-8F45-40A5E303B65D}"
EndProject
Project("{FAE04EC0-301F-11D3-BF4B-00C04F79EFBC}") = "Modules.Notifications.Application", "Modules\Notifications\src\Core\Modules.Notifications.Application\Modules.Notifications.Application.csproj", "{46AD17CB-D331-495A-9917-AC9914088A32}"
EndProject
Project("{FAE04EC0-301F-11D3-BF4B-00C04F79EFBC}") = "Common.Infrastructure", "Common\Common.Infrastructure\Common.Infrastructure.csproj", "{D716DECF-05C5-4467-877C-FAEA021D1DBC}"
EndProject
Project("{FAE04EC0-301F-11D3-BF4B-00C04F79EFBC}") = "Modules.Users.Contracts", "Modules\Users\src\External\Modules.Users.Contracts\Modules.Users.Contracts.csproj", "{25E60917-07FC-47B2-92DE-E7017B7DEA8B}"
EndProject
Project("{FAE04EC0-301F-11D3-BF4B-00C04F79EFBC}") = "Common.Domain", "Common\Common.Domain\Common.Domain.csproj", "{B478C4CF-17C1-4FCB-9C67-84BD92C4D001}"
EndProject
Project("{2150E333-8FDC-42A3-9474-1A3956D46DE8}") = "Trips", "Trips", "{DC1AC1F4-519E-4D0C-90A8-C598CA0EDC96}"
EndProject
Project("{2150E333-8FDC-42A3-9474-1A3956D46DE8}") = "src", "src", "{3763BCB3-8306-4A1D-ADD7-7D185F233C43}"
EndProject
Project("{2150E333-8FDC-42A3-9474-1A3956D46DE8}") = "Core", "Core", "{9D853231-A51F-4DB2-8191-FB10B781468C}"
EndProject
Project("{FAE04EC0-301F-11D3-BF4B-00C04F79EFBC}") = "Modules.Trips.Domain", "Modules\Trips\src\Core\Modules.Trips.Domain\Modules.Trips.Domain.csproj", "{32E80534-27BB-4924-8CE5-04A518D22447}"
EndProject
Project("{FAE04EC0-301F-11D3-BF4B-00C04F79EFBC}") = "Modules.Trips.Application", "Modules\Trips\src\Core\Modules.Trips.Application\Modules.Trips.Application.csproj", "{FAFAC01F-0D9B-48FF-A68C-95E35361CD7B}"
EndProject
Project("{2150E333-8FDC-42A3-9474-1A3956D46DE8}") = "External", "External", "{EC8AEF00-8EB0-4769-BEEA-DB8385490895}"
EndProject
Project("{FAE04EC0-301F-11D3-BF4B-00C04F79EFBC}") = "Modules.Trips.Presentation", "Modules\Trips\src\External\Modules.Trips.Presentation\Modules.Trips.Presentation.csproj", "{4B73642C-63D2-4CC0-86A1-4C0D9587A613}"
EndProject
Project("{FAE04EC0-301F-11D3-BF4B-00C04F79EFBC}") = "Modules.Trips.Infrastructure", "Modules\Trips\src\External\Modules.Trips.Infrastructure\Modules.Trips.Infrastructure.csproj", "{2A0AF311-EC5E-41F6-93A1-50414C8CC2D2}"
EndProject
Project("{FAE04EC0-301F-11D3-BF4B-00C04F79EFBC}") = "Modules.Trips.Contracts", "Modules\Trips\src\External\Modules.Trips.Contracts\Modules.Trips.Contracts.csproj", "{304FD800-EC52-4F3B-B853-FB11982FA076}"
EndProject
Project("{2150E333-8FDC-42A3-9474-1A3956D46DE8}") = "Conversations", "Conversations", "{D36F0D99-805B-48DA-AE42-5E929786A945}"
EndProject
Project("{2150E333-8FDC-42A3-9474-1A3956D46DE8}") = "src", "src", "{0EA2F2C6-1B0C-48B4-A2C6-05B42D1C45A5}"
EndProject
Project("{2150E333-8FDC-42A3-9474-1A3956D46DE8}") = "Core", "Core", "{5EABFCBE-DBCB-442B-BF0A-7CCF0D823C6B}"
EndProject
Project("{FAE04EC0-301F-11D3-BF4B-00C04F79EFBC}") = "Modules.Conversations.Domain", "Modules\Conversations\src\Core\Modules.Conversations.Domain\Modules.Conversations.Domain.csproj", "{8454E27C-A71C-447A-92EE-AC88EB19FCED}"
EndProject
Project("{FAE04EC0-301F-11D3-BF4B-00C04F79EFBC}") = "Modules.Conversations.Application", "Modules\Conversations\src\Core\Modules.Conversations.Application\Modules.Conversations.Application.csproj", "{4E88D9E5-B927-4012-BB93-2B337A102CC6}"
EndProject
Project("{2150E333-8FDC-42A3-9474-1A3956D46DE8}") = "External", "External", "{DFFD1A45-E56D-44D9-88B4-7C661E1CD01A}"
EndProject
Project("{FAE04EC0-301F-11D3-BF4B-00C04F79EFBC}") = "Modules.Conversations.Presentation", "Modules\Conversations\src\External\Modules.Conversations.Presentation\Modules.Conversations.Presentation.csproj", "{AE4165E3-5E75-4AF5-8700-19E452942B49}"
EndProject
Project("{FAE04EC0-301F-11D3-BF4B-00C04F79EFBC}") = "Modules.Conversations.Infrastructure", "Modules\Conversations\src\External\Modules.Conversations.Infrastructure\Modules.Conversations.Infrastructure.csproj", "{9A21DFE5-BD17-4B97-B908-58D116A47BEE}"
EndProject
Project("{FAE04EC0-301F-11D3-BF4B-00C04F79EFBC}") = "Modules.Conversations.Contracts", "Modules\Conversations\src\External\Modules.Conversations.Contracts\Modules.Conversations.Contracts.csproj", "{50F0F679-7D85-4199-90E3-F827B50A4BC1}"
EndProject
Project("{FAE04EC0-301F-11D3-BF4B-00C04F79EFBC}") = "Modules.Notifications.Contracts", "Modules\Notifications\src\External\Modules.Notifications.Contracts\Modules.Notifications.Contracts.csproj", "{E1E12234-5741-4318-ABBE-24013C57DFDF}"
EndProject
Project("{2150E333-8FDC-42A3-9474-1A3956D46DE8}") = "Payments", "Payments", "{72A4BF49-8FE0-63F3-B1EE-BE01DCC6E998}"
EndProject
Project("{2150E333-8FDC-42A3-9474-1A3956D46DE8}") = "src", "src", "{491EF117-D90B-004A-91B2-A0602933A357}"
EndProject
Project("{2150E333-8FDC-42A3-9474-1A3956D46DE8}") = "Core", "Core", "{90AEA37D-3E8A-4B41-36A2-57A9DC3413AD}"
EndProject
Project("{FAE04EC0-301F-11D3-BF4B-00C04F79EFBC}") = "Modules.Payments.Domain", "Modules\Payments\src\Core\Modules.Payments.Domain\Modules.Payments.Domain.csproj", "{6A1F53CB-895A-4FE1-B635-FFB6A482E2E1}"
EndProject
Project("{FAE04EC0-301F-11D3-BF4B-00C04F79EFBC}") = "Modules.Payments.Application", "Modules\Payments\src\Core\Modules.Payments.Application\Modules.Payments.Application.csproj", "{BFFEB20F-02C9-46FB-890E-7FD286360227}"
EndProject
Project("{2150E333-8FDC-42A3-9474-1A3956D46DE8}") = "External", "External", "{CFB5F7E1-C69A-BDC9-F7D3-68EDF9AAF92E}"
EndProject
Project("{FAE04EC0-301F-11D3-BF4B-00C04F79EFBC}") = "Modules.Payments.Infrastructure", "Modules\Payments\src\External\Modules.Payments.Infrastructure\Modules.Payments.Infrastructure.csproj", "{E8214582-51BF-4881-9E56-F2BCAFFE7426}"
EndProject
Project("{FAE04EC0-301F-11D3-BF4B-00C04F79EFBC}") = "Modules.Payments.Presentation", "Modules\Payments\src\External\Modules.Payments.Presentation\Modules.Payments.Presentation.csproj", "{BA09C41A-0464-44EE-A419-4491AEED36F7}"
EndProject
Project("{FAE04EC0-301F-11D3-BF4B-00C04F79EFBC}") = "Modules.Payments.Contracts", "Modules\Payments\src\External\Modules.Payments.Contracts\Modules.Payments.Contracts.csproj", "{A27E770D-6EAC-4D38-8FA3-318A667B08D3}"
EndProject
Global
	GlobalSection(SolutionConfigurationPlatforms) = preSolution
		Debug|Any CPU = Debug|Any CPU
		Debug|x64 = Debug|x64
		Debug|x86 = Debug|x86
		Release|Any CPU = Release|Any CPU
		Release|x64 = Release|x64
		Release|x86 = Release|x86
	EndGlobalSection
	GlobalSection(ProjectConfigurationPlatforms) = postSolution
		{72F64FD0-3201-4209-BA12-D6E5D9D8D826}.Debug|Any CPU.ActiveCfg = Debug|Any CPU
		{72F64FD0-3201-4209-BA12-D6E5D9D8D826}.Debug|Any CPU.Build.0 = Debug|Any CPU
		{72F64FD0-3201-4209-BA12-D6E5D9D8D826}.Debug|x64.ActiveCfg = Debug|Any CPU
		{72F64FD0-3201-4209-BA12-D6E5D9D8D826}.Debug|x64.Build.0 = Debug|Any CPU
		{72F64FD0-3201-4209-BA12-D6E5D9D8D826}.Debug|x86.ActiveCfg = Debug|Any CPU
		{72F64FD0-3201-4209-BA12-D6E5D9D8D826}.Debug|x86.Build.0 = Debug|Any CPU
		{72F64FD0-3201-4209-BA12-D6E5D9D8D826}.Release|Any CPU.ActiveCfg = Release|Any CPU
		{72F64FD0-3201-4209-BA12-D6E5D9D8D826}.Release|Any CPU.Build.0 = Release|Any CPU
		{72F64FD0-3201-4209-BA12-D6E5D9D8D826}.Release|x64.ActiveCfg = Release|Any CPU
		{72F64FD0-3201-4209-BA12-D6E5D9D8D826}.Release|x64.Build.0 = Release|Any CPU
		{72F64FD0-3201-4209-BA12-D6E5D9D8D826}.Release|x86.ActiveCfg = Release|Any CPU
		{72F64FD0-3201-4209-BA12-D6E5D9D8D826}.Release|x86.Build.0 = Release|Any CPU
		{D8535E58-D3CB-443A-8D81-76DFBE7B9CD3}.Debug|Any CPU.ActiveCfg = Debug|Any CPU
		{D8535E58-D3CB-443A-8D81-76DFBE7B9CD3}.Debug|Any CPU.Build.0 = Debug|Any CPU
		{D8535E58-D3CB-443A-8D81-76DFBE7B9CD3}.Debug|x64.ActiveCfg = Debug|Any CPU
		{D8535E58-D3CB-443A-8D81-76DFBE7B9CD3}.Debug|x64.Build.0 = Debug|Any CPU
		{D8535E58-D3CB-443A-8D81-76DFBE7B9CD3}.Debug|x86.ActiveCfg = Debug|Any CPU
		{D8535E58-D3CB-443A-8D81-76DFBE7B9CD3}.Debug|x86.Build.0 = Debug|Any CPU
		{D8535E58-D3CB-443A-8D81-76DFBE7B9CD3}.Release|Any CPU.ActiveCfg = Release|Any CPU
		{D8535E58-D3CB-443A-8D81-76DFBE7B9CD3}.Release|Any CPU.Build.0 = Release|Any CPU
		{D8535E58-D3CB-443A-8D81-76DFBE7B9CD3}.Release|x64.ActiveCfg = Release|Any CPU
		{D8535E58-D3CB-443A-8D81-76DFBE7B9CD3}.Release|x64.Build.0 = Release|Any CPU
		{D8535E58-D3CB-443A-8D81-76DFBE7B9CD3}.Release|x86.ActiveCfg = Release|Any CPU
		{D8535E58-D3CB-443A-8D81-76DFBE7B9CD3}.Release|x86.Build.0 = Release|Any CPU
		{3DF920C3-5BC1-44E1-A52F-E7AF49C996EA}.Debug|Any CPU.ActiveCfg = Debug|Any CPU
		{3DF920C3-5BC1-44E1-A52F-E7AF49C996EA}.Debug|Any CPU.Build.0 = Debug|Any CPU
		{3DF920C3-5BC1-44E1-A52F-E7AF49C996EA}.Debug|x64.ActiveCfg = Debug|Any CPU
		{3DF920C3-5BC1-44E1-A52F-E7AF49C996EA}.Debug|x64.Build.0 = Debug|Any CPU
		{3DF920C3-5BC1-44E1-A52F-E7AF49C996EA}.Debug|x86.ActiveCfg = Debug|Any CPU
		{3DF920C3-5BC1-44E1-A52F-E7AF49C996EA}.Debug|x86.Build.0 = Debug|Any CPU
		{3DF920C3-5BC1-44E1-A52F-E7AF49C996EA}.Release|Any CPU.ActiveCfg = Release|Any CPU
		{3DF920C3-5BC1-44E1-A52F-E7AF49C996EA}.Release|Any CPU.Build.0 = Release|Any CPU
		{3DF920C3-5BC1-44E1-A52F-E7AF49C996EA}.Release|x64.ActiveCfg = Release|Any CPU
		{3DF920C3-5BC1-44E1-A52F-E7AF49C996EA}.Release|x64.Build.0 = Release|Any CPU
		{3DF920C3-5BC1-44E1-A52F-E7AF49C996EA}.Release|x86.ActiveCfg = Release|Any CPU
		{3DF920C3-5BC1-44E1-A52F-E7AF49C996EA}.Release|x86.Build.0 = Release|Any CPU
		{BFC324C9-545A-4BBA-98FF-A917A06204AA}.Debug|Any CPU.ActiveCfg = Debug|Any CPU
		{BFC324C9-545A-4BBA-98FF-A917A06204AA}.Debug|Any CPU.Build.0 = Debug|Any CPU
		{BFC324C9-545A-4BBA-98FF-A917A06204AA}.Debug|x64.ActiveCfg = Debug|Any CPU
		{BFC324C9-545A-4BBA-98FF-A917A06204AA}.Debug|x64.Build.0 = Debug|Any CPU
		{BFC324C9-545A-4BBA-98FF-A917A06204AA}.Debug|x86.ActiveCfg = Debug|Any CPU
		{BFC324C9-545A-4BBA-98FF-A917A06204AA}.Debug|x86.Build.0 = Debug|Any CPU
		{BFC324C9-545A-4BBA-98FF-A917A06204AA}.Release|Any CPU.ActiveCfg = Release|Any CPU
		{BFC324C9-545A-4BBA-98FF-A917A06204AA}.Release|Any CPU.Build.0 = Release|Any CPU
		{BFC324C9-545A-4BBA-98FF-A917A06204AA}.Release|x64.ActiveCfg = Release|Any CPU
		{BFC324C9-545A-4BBA-98FF-A917A06204AA}.Release|x64.Build.0 = Release|Any CPU
		{BFC324C9-545A-4BBA-98FF-A917A06204AA}.Release|x86.ActiveCfg = Release|Any CPU
		{BFC324C9-545A-4BBA-98FF-A917A06204AA}.Release|x86.Build.0 = Release|Any CPU
		{063860A5-447F-4129-9E26-410AB8EC01B1}.Debug|Any CPU.ActiveCfg = Debug|Any CPU
		{063860A5-447F-4129-9E26-410AB8EC01B1}.Debug|Any CPU.Build.0 = Debug|Any CPU
		{063860A5-447F-4129-9E26-410AB8EC01B1}.Debug|x64.ActiveCfg = Debug|Any CPU
		{063860A5-447F-4129-9E26-410AB8EC01B1}.Debug|x64.Build.0 = Debug|Any CPU
		{063860A5-447F-4129-9E26-410AB8EC01B1}.Debug|x86.ActiveCfg = Debug|Any CPU
		{063860A5-447F-4129-9E26-410AB8EC01B1}.Debug|x86.Build.0 = Debug|Any CPU
		{063860A5-447F-4129-9E26-410AB8EC01B1}.Release|Any CPU.ActiveCfg = Release|Any CPU
		{063860A5-447F-4129-9E26-410AB8EC01B1}.Release|Any CPU.Build.0 = Release|Any CPU
		{063860A5-447F-4129-9E26-410AB8EC01B1}.Release|x64.ActiveCfg = Release|Any CPU
		{063860A5-447F-4129-9E26-410AB8EC01B1}.Release|x64.Build.0 = Release|Any CPU
		{063860A5-447F-4129-9E26-410AB8EC01B1}.Release|x86.ActiveCfg = Release|Any CPU
		{063860A5-447F-4129-9E26-410AB8EC01B1}.Release|x86.Build.0 = Release|Any CPU
		{5FA4BEE9-E67F-4050-BF2C-B1D1645276CB}.Debug|Any CPU.ActiveCfg = Debug|Any CPU
		{5FA4BEE9-E67F-4050-BF2C-B1D1645276CB}.Debug|Any CPU.Build.0 = Debug|Any CPU
		{5FA4BEE9-E67F-4050-BF2C-B1D1645276CB}.Debug|x64.ActiveCfg = Debug|Any CPU
		{5FA4BEE9-E67F-4050-BF2C-B1D1645276CB}.Debug|x64.Build.0 = Debug|Any CPU
		{5FA4BEE9-E67F-4050-BF2C-B1D1645276CB}.Debug|x86.ActiveCfg = Debug|Any CPU
		{5FA4BEE9-E67F-4050-BF2C-B1D1645276CB}.Debug|x86.Build.0 = Debug|Any CPU
		{5FA4BEE9-E67F-4050-BF2C-B1D1645276CB}.Release|Any CPU.ActiveCfg = Release|Any CPU
		{5FA4BEE9-E67F-4050-BF2C-B1D1645276CB}.Release|Any CPU.Build.0 = Release|Any CPU
		{5FA4BEE9-E67F-4050-BF2C-B1D1645276CB}.Release|x64.ActiveCfg = Release|Any CPU
		{5FA4BEE9-E67F-4050-BF2C-B1D1645276CB}.Release|x64.Build.0 = Release|Any CPU
		{5FA4BEE9-E67F-4050-BF2C-B1D1645276CB}.Release|x86.ActiveCfg = Release|Any CPU
		{5FA4BEE9-E67F-4050-BF2C-B1D1645276CB}.Release|x86.Build.0 = Release|Any CPU
		{6693F5A5-5C6E-4000-8EC7-DC4006A2744E}.Debug|Any CPU.ActiveCfg = Debug|Any CPU
		{6693F5A5-5C6E-4000-8EC7-DC4006A2744E}.Debug|Any CPU.Build.0 = Debug|Any CPU
		{6693F5A5-5C6E-4000-8EC7-DC4006A2744E}.Debug|x64.ActiveCfg = Debug|Any CPU
		{6693F5A5-5C6E-4000-8EC7-DC4006A2744E}.Debug|x64.Build.0 = Debug|Any CPU
		{6693F5A5-5C6E-4000-8EC7-DC4006A2744E}.Debug|x86.ActiveCfg = Debug|Any CPU
		{6693F5A5-5C6E-4000-8EC7-DC4006A2744E}.Debug|x86.Build.0 = Debug|Any CPU
		{6693F5A5-5C6E-4000-8EC7-DC4006A2744E}.Release|Any CPU.ActiveCfg = Release|Any CPU
		{6693F5A5-5C6E-4000-8EC7-DC4006A2744E}.Release|Any CPU.Build.0 = Release|Any CPU
		{6693F5A5-5C6E-4000-8EC7-DC4006A2744E}.Release|x64.ActiveCfg = Release|Any CPU
		{6693F5A5-5C6E-4000-8EC7-DC4006A2744E}.Release|x64.Build.0 = Release|Any CPU
		{6693F5A5-5C6E-4000-8EC7-DC4006A2744E}.Release|x86.ActiveCfg = Release|Any CPU
		{6693F5A5-5C6E-4000-8EC7-DC4006A2744E}.Release|x86.Build.0 = Release|Any CPU
		{C5DF02E8-943B-476E-88C0-291ED838B5BC}.Debug|Any CPU.ActiveCfg = Debug|Any CPU
		{C5DF02E8-943B-476E-88C0-291ED838B5BC}.Debug|Any CPU.Build.0 = Debug|Any CPU
		{C5DF02E8-943B-476E-88C0-291ED838B5BC}.Debug|x64.ActiveCfg = Debug|Any CPU
		{C5DF02E8-943B-476E-88C0-291ED838B5BC}.Debug|x64.Build.0 = Debug|Any CPU
		{C5DF02E8-943B-476E-88C0-291ED838B5BC}.Debug|x86.ActiveCfg = Debug|Any CPU
		{C5DF02E8-943B-476E-88C0-291ED838B5BC}.Debug|x86.Build.0 = Debug|Any CPU
		{C5DF02E8-943B-476E-88C0-291ED838B5BC}.Release|Any CPU.ActiveCfg = Release|Any CPU
		{C5DF02E8-943B-476E-88C0-291ED838B5BC}.Release|Any CPU.Build.0 = Release|Any CPU
		{C5DF02E8-943B-476E-88C0-291ED838B5BC}.Release|x64.ActiveCfg = Release|Any CPU
		{C5DF02E8-943B-476E-88C0-291ED838B5BC}.Release|x64.Build.0 = Release|Any CPU
		{C5DF02E8-943B-476E-88C0-291ED838B5BC}.Release|x86.ActiveCfg = Release|Any CPU
		{C5DF02E8-943B-476E-88C0-291ED838B5BC}.Release|x86.Build.0 = Release|Any CPU
		{D7CCDED0-4A42-4136-A1AF-0C2C7B7C28E6}.Debug|Any CPU.ActiveCfg = Debug|Any CPU
		{D7CCDED0-4A42-4136-A1AF-0C2C7B7C28E6}.Debug|Any CPU.Build.0 = Debug|Any CPU
		{D7CCDED0-4A42-4136-A1AF-0C2C7B7C28E6}.Debug|x64.ActiveCfg = Debug|Any CPU
		{D7CCDED0-4A42-4136-A1AF-0C2C7B7C28E6}.Debug|x64.Build.0 = Debug|Any CPU
		{D7CCDED0-4A42-4136-A1AF-0C2C7B7C28E6}.Debug|x86.ActiveCfg = Debug|Any CPU
		{D7CCDED0-4A42-4136-A1AF-0C2C7B7C28E6}.Debug|x86.Build.0 = Debug|Any CPU
		{D7CCDED0-4A42-4136-A1AF-0C2C7B7C28E6}.Release|Any CPU.ActiveCfg = Release|Any CPU
		{D7CCDED0-4A42-4136-A1AF-0C2C7B7C28E6}.Release|Any CPU.Build.0 = Release|Any CPU
		{D7CCDED0-4A42-4136-A1AF-0C2C7B7C28E6}.Release|x64.ActiveCfg = Release|Any CPU
		{D7CCDED0-4A42-4136-A1AF-0C2C7B7C28E6}.Release|x64.Build.0 = Release|Any CPU
		{D7CCDED0-4A42-4136-A1AF-0C2C7B7C28E6}.Release|x86.ActiveCfg = Release|Any CPU
		{D7CCDED0-4A42-4136-A1AF-0C2C7B7C28E6}.Release|x86.Build.0 = Release|Any CPU
		{95F80E6A-9E84-4DFB-8F45-40A5E303B65D}.Debug|Any CPU.ActiveCfg = Debug|Any CPU
		{95F80E6A-9E84-4DFB-8F45-40A5E303B65D}.Debug|Any CPU.Build.0 = Debug|Any CPU
		{95F80E6A-9E84-4DFB-8F45-40A5E303B65D}.Debug|x64.ActiveCfg = Debug|Any CPU
		{95F80E6A-9E84-4DFB-8F45-40A5E303B65D}.Debug|x64.Build.0 = Debug|Any CPU
		{95F80E6A-9E84-4DFB-8F45-40A5E303B65D}.Debug|x86.ActiveCfg = Debug|Any CPU
		{95F80E6A-9E84-4DFB-8F45-40A5E303B65D}.Debug|x86.Build.0 = Debug|Any CPU
		{95F80E6A-9E84-4DFB-8F45-40A5E303B65D}.Release|Any CPU.ActiveCfg = Release|Any CPU
		{95F80E6A-9E84-4DFB-8F45-40A5E303B65D}.Release|Any CPU.Build.0 = Release|Any CPU
		{95F80E6A-9E84-4DFB-8F45-40A5E303B65D}.Release|x64.ActiveCfg = Release|Any CPU
		{95F80E6A-9E84-4DFB-8F45-40A5E303B65D}.Release|x64.Build.0 = Release|Any CPU
		{95F80E6A-9E84-4DFB-8F45-40A5E303B65D}.Release|x86.ActiveCfg = Release|Any CPU
		{95F80E6A-9E84-4DFB-8F45-40A5E303B65D}.Release|x86.Build.0 = Release|Any CPU
		{46AD17CB-D331-495A-9917-AC9914088A32}.Debug|Any CPU.ActiveCfg = Debug|Any CPU
		{46AD17CB-D331-495A-9917-AC9914088A32}.Debug|Any CPU.Build.0 = Debug|Any CPU
		{46AD17CB-D331-495A-9917-AC9914088A32}.Debug|x64.ActiveCfg = Debug|Any CPU
		{46AD17CB-D331-495A-9917-AC9914088A32}.Debug|x64.Build.0 = Debug|Any CPU
		{46AD17CB-D331-495A-9917-AC9914088A32}.Debug|x86.ActiveCfg = Debug|Any CPU
		{46AD17CB-D331-495A-9917-AC9914088A32}.Debug|x86.Build.0 = Debug|Any CPU
		{46AD17CB-D331-495A-9917-AC9914088A32}.Release|Any CPU.ActiveCfg = Release|Any CPU
		{46AD17CB-D331-495A-9917-AC9914088A32}.Release|Any CPU.Build.0 = Release|Any CPU
		{46AD17CB-D331-495A-9917-AC9914088A32}.Release|x64.ActiveCfg = Release|Any CPU
		{46AD17CB-D331-495A-9917-AC9914088A32}.Release|x64.Build.0 = Release|Any CPU
		{46AD17CB-D331-495A-9917-AC9914088A32}.Release|x86.ActiveCfg = Release|Any CPU
		{46AD17CB-D331-495A-9917-AC9914088A32}.Release|x86.Build.0 = Release|Any CPU
		{D716DECF-05C5-4467-877C-FAEA021D1DBC}.Debug|Any CPU.ActiveCfg = Debug|Any CPU
		{D716DECF-05C5-4467-877C-FAEA021D1DBC}.Debug|Any CPU.Build.0 = Debug|Any CPU
		{D716DECF-05C5-4467-877C-FAEA021D1DBC}.Debug|x64.ActiveCfg = Debug|Any CPU
		{D716DECF-05C5-4467-877C-FAEA021D1DBC}.Debug|x64.Build.0 = Debug|Any CPU
		{D716DECF-05C5-4467-877C-FAEA021D1DBC}.Debug|x86.ActiveCfg = Debug|Any CPU
		{D716DECF-05C5-4467-877C-FAEA021D1DBC}.Debug|x86.Build.0 = Debug|Any CPU
		{D716DECF-05C5-4467-877C-FAEA021D1DBC}.Release|Any CPU.ActiveCfg = Release|Any CPU
		{D716DECF-05C5-4467-877C-FAEA021D1DBC}.Release|Any CPU.Build.0 = Release|Any CPU
		{D716DECF-05C5-4467-877C-FAEA021D1DBC}.Release|x64.ActiveCfg = Release|Any CPU
		{D716DECF-05C5-4467-877C-FAEA021D1DBC}.Release|x64.Build.0 = Release|Any CPU
		{D716DECF-05C5-4467-877C-FAEA021D1DBC}.Release|x86.ActiveCfg = Release|Any CPU
		{D716DECF-05C5-4467-877C-FAEA021D1DBC}.Release|x86.Build.0 = Release|Any CPU
		{25E60917-07FC-47B2-92DE-E7017B7DEA8B}.Debug|Any CPU.ActiveCfg = Debug|Any CPU
		{25E60917-07FC-47B2-92DE-E7017B7DEA8B}.Debug|Any CPU.Build.0 = Debug|Any CPU
		{25E60917-07FC-47B2-92DE-E7017B7DEA8B}.Debug|x64.ActiveCfg = Debug|Any CPU
		{25E60917-07FC-47B2-92DE-E7017B7DEA8B}.Debug|x64.Build.0 = Debug|Any CPU
		{25E60917-07FC-47B2-92DE-E7017B7DEA8B}.Debug|x86.ActiveCfg = Debug|Any CPU
		{25E60917-07FC-47B2-92DE-E7017B7DEA8B}.Debug|x86.Build.0 = Debug|Any CPU
		{25E60917-07FC-47B2-92DE-E7017B7DEA8B}.Release|Any CPU.ActiveCfg = Release|Any CPU
		{25E60917-07FC-47B2-92DE-E7017B7DEA8B}.Release|Any CPU.Build.0 = Release|Any CPU
		{25E60917-07FC-47B2-92DE-E7017B7DEA8B}.Release|x64.ActiveCfg = Release|Any CPU
		{25E60917-07FC-47B2-92DE-E7017B7DEA8B}.Release|x64.Build.0 = Release|Any CPU
		{25E60917-07FC-47B2-92DE-E7017B7DEA8B}.Release|x86.ActiveCfg = Release|Any CPU
		{25E60917-07FC-47B2-92DE-E7017B7DEA8B}.Release|x86.Build.0 = Release|Any CPU
		{B478C4CF-17C1-4FCB-9C67-84BD92C4D001}.Debug|Any CPU.ActiveCfg = Debug|Any CPU
		{B478C4CF-17C1-4FCB-9C67-84BD92C4D001}.Debug|Any CPU.Build.0 = Debug|Any CPU
		{B478C4CF-17C1-4FCB-9C67-84BD92C4D001}.Debug|x64.ActiveCfg = Debug|Any CPU
		{B478C4CF-17C1-4FCB-9C67-84BD92C4D001}.Debug|x64.Build.0 = Debug|Any CPU
		{B478C4CF-17C1-4FCB-9C67-84BD92C4D001}.Debug|x86.ActiveCfg = Debug|Any CPU
		{B478C4CF-17C1-4FCB-9C67-84BD92C4D001}.Debug|x86.Build.0 = Debug|Any CPU
		{B478C4CF-17C1-4FCB-9C67-84BD92C4D001}.Release|Any CPU.ActiveCfg = Release|Any CPU
		{B478C4CF-17C1-4FCB-9C67-84BD92C4D001}.Release|Any CPU.Build.0 = Release|Any CPU
		{B478C4CF-17C1-4FCB-9C67-84BD92C4D001}.Release|x64.ActiveCfg = Release|Any CPU
		{B478C4CF-17C1-4FCB-9C67-84BD92C4D001}.Release|x64.Build.0 = Release|Any CPU
		{B478C4CF-17C1-4FCB-9C67-84BD92C4D001}.Release|x86.ActiveCfg = Release|Any CPU
		{B478C4CF-17C1-4FCB-9C67-84BD92C4D001}.Release|x86.Build.0 = Release|Any CPU
		{32E80534-27BB-4924-8CE5-04A518D22447}.Debug|Any CPU.ActiveCfg = Debug|Any CPU
		{32E80534-27BB-4924-8CE5-04A518D22447}.Debug|Any CPU.Build.0 = Debug|Any CPU
		{32E80534-27BB-4924-8CE5-04A518D22447}.Debug|x64.ActiveCfg = Debug|Any CPU
		{32E80534-27BB-4924-8CE5-04A518D22447}.Debug|x64.Build.0 = Debug|Any CPU
		{32E80534-27BB-4924-8CE5-04A518D22447}.Debug|x86.ActiveCfg = Debug|Any CPU
		{32E80534-27BB-4924-8CE5-04A518D22447}.Debug|x86.Build.0 = Debug|Any CPU
		{32E80534-27BB-4924-8CE5-04A518D22447}.Release|Any CPU.ActiveCfg = Release|Any CPU
		{32E80534-27BB-4924-8CE5-04A518D22447}.Release|Any CPU.Build.0 = Release|Any CPU
		{32E80534-27BB-4924-8CE5-04A518D22447}.Release|x64.ActiveCfg = Release|Any CPU
		{32E80534-27BB-4924-8CE5-04A518D22447}.Release|x64.Build.0 = Release|Any CPU
		{32E80534-27BB-4924-8CE5-04A518D22447}.Release|x86.ActiveCfg = Release|Any CPU
		{32E80534-27BB-4924-8CE5-04A518D22447}.Release|x86.Build.0 = Release|Any CPU
		{FAFAC01F-0D9B-48FF-A68C-95E35361CD7B}.Debug|Any CPU.ActiveCfg = Debug|Any CPU
		{FAFAC01F-0D9B-48FF-A68C-95E35361CD7B}.Debug|Any CPU.Build.0 = Debug|Any CPU
		{FAFAC01F-0D9B-48FF-A68C-95E35361CD7B}.Debug|x64.ActiveCfg = Debug|Any CPU
		{FAFAC01F-0D9B-48FF-A68C-95E35361CD7B}.Debug|x64.Build.0 = Debug|Any CPU
		{FAFAC01F-0D9B-48FF-A68C-95E35361CD7B}.Debug|x86.ActiveCfg = Debug|Any CPU
		{FAFAC01F-0D9B-48FF-A68C-95E35361CD7B}.Debug|x86.Build.0 = Debug|Any CPU
		{FAFAC01F-0D9B-48FF-A68C-95E35361CD7B}.Release|Any CPU.ActiveCfg = Release|Any CPU
		{FAFAC01F-0D9B-48FF-A68C-95E35361CD7B}.Release|Any CPU.Build.0 = Release|Any CPU
		{FAFAC01F-0D9B-48FF-A68C-95E35361CD7B}.Release|x64.ActiveCfg = Release|Any CPU
		{FAFAC01F-0D9B-48FF-A68C-95E35361CD7B}.Release|x64.Build.0 = Release|Any CPU
		{FAFAC01F-0D9B-48FF-A68C-95E35361CD7B}.Release|x86.ActiveCfg = Release|Any CPU
		{FAFAC01F-0D9B-48FF-A68C-95E35361CD7B}.Release|x86.Build.0 = Release|Any CPU
		{4B73642C-63D2-4CC0-86A1-4C0D9587A613}.Debug|Any CPU.ActiveCfg = Debug|Any CPU
		{4B73642C-63D2-4CC0-86A1-4C0D9587A613}.Debug|Any CPU.Build.0 = Debug|Any CPU
		{4B73642C-63D2-4CC0-86A1-4C0D9587A613}.Debug|x64.ActiveCfg = Debug|Any CPU
		{4B73642C-63D2-4CC0-86A1-4C0D9587A613}.Debug|x64.Build.0 = Debug|Any CPU
		{4B73642C-63D2-4CC0-86A1-4C0D9587A613}.Debug|x86.ActiveCfg = Debug|Any CPU
		{4B73642C-63D2-4CC0-86A1-4C0D9587A613}.Debug|x86.Build.0 = Debug|Any CPU
		{4B73642C-63D2-4CC0-86A1-4C0D9587A613}.Release|Any CPU.ActiveCfg = Release|Any CPU
		{4B73642C-63D2-4CC0-86A1-4C0D9587A613}.Release|Any CPU.Build.0 = Release|Any CPU
		{4B73642C-63D2-4CC0-86A1-4C0D9587A613}.Release|x64.ActiveCfg = Release|Any CPU
		{4B73642C-63D2-4CC0-86A1-4C0D9587A613}.Release|x64.Build.0 = Release|Any CPU
		{4B73642C-63D2-4CC0-86A1-4C0D9587A613}.Release|x86.ActiveCfg = Release|Any CPU
		{4B73642C-63D2-4CC0-86A1-4C0D9587A613}.Release|x86.Build.0 = Release|Any CPU
		{2A0AF311-EC5E-41F6-93A1-50414C8CC2D2}.Debug|Any CPU.ActiveCfg = Debug|Any CPU
		{2A0AF311-EC5E-41F6-93A1-50414C8CC2D2}.Debug|Any CPU.Build.0 = Debug|Any CPU
		{2A0AF311-EC5E-41F6-93A1-50414C8CC2D2}.Debug|x64.ActiveCfg = Debug|Any CPU
		{2A0AF311-EC5E-41F6-93A1-50414C8CC2D2}.Debug|x64.Build.0 = Debug|Any CPU
		{2A0AF311-EC5E-41F6-93A1-50414C8CC2D2}.Debug|x86.ActiveCfg = Debug|Any CPU
		{2A0AF311-EC5E-41F6-93A1-50414C8CC2D2}.Debug|x86.Build.0 = Debug|Any CPU
		{2A0AF311-EC5E-41F6-93A1-50414C8CC2D2}.Release|Any CPU.ActiveCfg = Release|Any CPU
		{2A0AF311-EC5E-41F6-93A1-50414C8CC2D2}.Release|Any CPU.Build.0 = Release|Any CPU
		{2A0AF311-EC5E-41F6-93A1-50414C8CC2D2}.Release|x64.ActiveCfg = Release|Any CPU
		{2A0AF311-EC5E-41F6-93A1-50414C8CC2D2}.Release|x64.Build.0 = Release|Any CPU
		{2A0AF311-EC5E-41F6-93A1-50414C8CC2D2}.Release|x86.ActiveCfg = Release|Any CPU
		{2A0AF311-EC5E-41F6-93A1-50414C8CC2D2}.Release|x86.Build.0 = Release|Any CPU
		{304FD800-EC52-4F3B-B853-FB11982FA076}.Debug|Any CPU.ActiveCfg = Debug|Any CPU
		{304FD800-EC52-4F3B-B853-FB11982FA076}.Debug|Any CPU.Build.0 = Debug|Any CPU
		{304FD800-EC52-4F3B-B853-FB11982FA076}.Debug|x64.ActiveCfg = Debug|Any CPU
		{304FD800-EC52-4F3B-B853-FB11982FA076}.Debug|x64.Build.0 = Debug|Any CPU
		{304FD800-EC52-4F3B-B853-FB11982FA076}.Debug|x86.ActiveCfg = Debug|Any CPU
		{304FD800-EC52-4F3B-B853-FB11982FA076}.Debug|x86.Build.0 = Debug|Any CPU
		{304FD800-EC52-4F3B-B853-FB11982FA076}.Release|Any CPU.ActiveCfg = Release|Any CPU
		{304FD800-EC52-4F3B-B853-FB11982FA076}.Release|Any CPU.Build.0 = Release|Any CPU
		{304FD800-EC52-4F3B-B853-FB11982FA076}.Release|x64.ActiveCfg = Release|Any CPU
		{304FD800-EC52-4F3B-B853-FB11982FA076}.Release|x64.Build.0 = Release|Any CPU
		{304FD800-EC52-4F3B-B853-FB11982FA076}.Release|x86.ActiveCfg = Release|Any CPU
		{304FD800-EC52-4F3B-B853-FB11982FA076}.Release|x86.Build.0 = Release|Any CPU
		{8454E27C-A71C-447A-92EE-AC88EB19FCED}.Debug|Any CPU.ActiveCfg = Debug|Any CPU
		{8454E27C-A71C-447A-92EE-AC88EB19FCED}.Debug|Any CPU.Build.0 = Debug|Any CPU
		{8454E27C-A71C-447A-92EE-AC88EB19FCED}.Debug|x64.ActiveCfg = Debug|Any CPU
		{8454E27C-A71C-447A-92EE-AC88EB19FCED}.Debug|x64.Build.0 = Debug|Any CPU
		{8454E27C-A71C-447A-92EE-AC88EB19FCED}.Debug|x86.ActiveCfg = Debug|Any CPU
		{8454E27C-A71C-447A-92EE-AC88EB19FCED}.Debug|x86.Build.0 = Debug|Any CPU
		{8454E27C-A71C-447A-92EE-AC88EB19FCED}.Release|Any CPU.ActiveCfg = Release|Any CPU
		{8454E27C-A71C-447A-92EE-AC88EB19FCED}.Release|Any CPU.Build.0 = Release|Any CPU
		{8454E27C-A71C-447A-92EE-AC88EB19FCED}.Release|x64.ActiveCfg = Release|Any CPU
		{8454E27C-A71C-447A-92EE-AC88EB19FCED}.Release|x64.Build.0 = Release|Any CPU
		{8454E27C-A71C-447A-92EE-AC88EB19FCED}.Release|x86.ActiveCfg = Release|Any CPU
		{8454E27C-A71C-447A-92EE-AC88EB19FCED}.Release|x86.Build.0 = Release|Any CPU
		{4E88D9E5-B927-4012-BB93-2B337A102CC6}.Debug|Any CPU.ActiveCfg = Debug|Any CPU
		{4E88D9E5-B927-4012-BB93-2B337A102CC6}.Debug|Any CPU.Build.0 = Debug|Any CPU
		{4E88D9E5-B927-4012-BB93-2B337A102CC6}.Debug|x64.ActiveCfg = Debug|Any CPU
		{4E88D9E5-B927-4012-BB93-2B337A102CC6}.Debug|x64.Build.0 = Debug|Any CPU
		{4E88D9E5-B927-4012-BB93-2B337A102CC6}.Debug|x86.ActiveCfg = Debug|Any CPU
		{4E88D9E5-B927-4012-BB93-2B337A102CC6}.Debug|x86.Build.0 = Debug|Any CPU
		{4E88D9E5-B927-4012-BB93-2B337A102CC6}.Release|Any CPU.ActiveCfg = Release|Any CPU
		{4E88D9E5-B927-4012-BB93-2B337A102CC6}.Release|Any CPU.Build.0 = Release|Any CPU
		{4E88D9E5-B927-4012-BB93-2B337A102CC6}.Release|x64.ActiveCfg = Release|Any CPU
		{4E88D9E5-B927-4012-BB93-2B337A102CC6}.Release|x64.Build.0 = Release|Any CPU
		{4E88D9E5-B927-4012-BB93-2B337A102CC6}.Release|x86.ActiveCfg = Release|Any CPU
		{4E88D9E5-B927-4012-BB93-2B337A102CC6}.Release|x86.Build.0 = Release|Any CPU
		{AE4165E3-5E75-4AF5-8700-19E452942B49}.Debug|Any CPU.ActiveCfg = Debug|Any CPU
		{AE4165E3-5E75-4AF5-8700-19E452942B49}.Debug|Any CPU.Build.0 = Debug|Any CPU
		{AE4165E3-5E75-4AF5-8700-19E452942B49}.Debug|x64.ActiveCfg = Debug|Any CPU
		{AE4165E3-5E75-4AF5-8700-19E452942B49}.Debug|x64.Build.0 = Debug|Any CPU
		{AE4165E3-5E75-4AF5-8700-19E452942B49}.Debug|x86.ActiveCfg = Debug|Any CPU
		{AE4165E3-5E75-4AF5-8700-19E452942B49}.Debug|x86.Build.0 = Debug|Any CPU
		{AE4165E3-5E75-4AF5-8700-19E452942B49}.Release|Any CPU.ActiveCfg = Release|Any CPU
		{AE4165E3-5E75-4AF5-8700-19E452942B49}.Release|Any CPU.Build.0 = Release|Any CPU
		{AE4165E3-5E75-4AF5-8700-19E452942B49}.Release|x64.ActiveCfg = Release|Any CPU
		{AE4165E3-5E75-4AF5-8700-19E452942B49}.Release|x64.Build.0 = Release|Any CPU
		{AE4165E3-5E75-4AF5-8700-19E452942B49}.Release|x86.ActiveCfg = Release|Any CPU
		{AE4165E3-5E75-4AF5-8700-19E452942B49}.Release|x86.Build.0 = Release|Any CPU
		{9A21DFE5-BD17-4B97-B908-58D116A47BEE}.Debug|Any CPU.ActiveCfg = Debug|Any CPU
		{9A21DFE5-BD17-4B97-B908-58D116A47BEE}.Debug|Any CPU.Build.0 = Debug|Any CPU
		{9A21DFE5-BD17-4B97-B908-58D116A47BEE}.Debug|x64.ActiveCfg = Debug|Any CPU
		{9A21DFE5-BD17-4B97-B908-58D116A47BEE}.Debug|x64.Build.0 = Debug|Any CPU
		{9A21DFE5-BD17-4B97-B908-58D116A47BEE}.Debug|x86.ActiveCfg = Debug|Any CPU
		{9A21DFE5-BD17-4B97-B908-58D116A47BEE}.Debug|x86.Build.0 = Debug|Any CPU
		{9A21DFE5-BD17-4B97-B908-58D116A47BEE}.Release|Any CPU.ActiveCfg = Release|Any CPU
		{9A21DFE5-BD17-4B97-B908-58D116A47BEE}.Release|Any CPU.Build.0 = Release|Any CPU
		{9A21DFE5-BD17-4B97-B908-58D116A47BEE}.Release|x64.ActiveCfg = Release|Any CPU
		{9A21DFE5-BD17-4B97-B908-58D116A47BEE}.Release|x64.Build.0 = Release|Any CPU
		{9A21DFE5-BD17-4B97-B908-58D116A47BEE}.Release|x86.ActiveCfg = Release|Any CPU
		{9A21DFE5-BD17-4B97-B908-58D116A47BEE}.Release|x86.Build.0 = Release|Any CPU
		{50F0F679-7D85-4199-90E3-F827B50A4BC1}.Debug|Any CPU.ActiveCfg = Debug|Any CPU
		{50F0F679-7D85-4199-90E3-F827B50A4BC1}.Debug|Any CPU.Build.0 = Debug|Any CPU
		{50F0F679-7D85-4199-90E3-F827B50A4BC1}.Debug|x64.ActiveCfg = Debug|Any CPU
		{50F0F679-7D85-4199-90E3-F827B50A4BC1}.Debug|x64.Build.0 = Debug|Any CPU
		{50F0F679-7D85-4199-90E3-F827B50A4BC1}.Debug|x86.ActiveCfg = Debug|Any CPU
		{50F0F679-7D85-4199-90E3-F827B50A4BC1}.Debug|x86.Build.0 = Debug|Any CPU
		{50F0F679-7D85-4199-90E3-F827B50A4BC1}.Release|Any CPU.ActiveCfg = Release|Any CPU
		{50F0F679-7D85-4199-90E3-F827B50A4BC1}.Release|Any CPU.Build.0 = Release|Any CPU
		{50F0F679-7D85-4199-90E3-F827B50A4BC1}.Release|x64.ActiveCfg = Release|Any CPU
		{50F0F679-7D85-4199-90E3-F827B50A4BC1}.Release|x64.Build.0 = Release|Any CPU
		{50F0F679-7D85-4199-90E3-F827B50A4BC1}.Release|x86.ActiveCfg = Release|Any CPU
		{50F0F679-7D85-4199-90E3-F827B50A4BC1}.Release|x86.Build.0 = Release|Any CPU
		{E1E12234-5741-4318-ABBE-24013C57DFDF}.Debug|Any CPU.ActiveCfg = Debug|Any CPU
		{E1E12234-5741-4318-ABBE-24013C57DFDF}.Debug|Any CPU.Build.0 = Debug|Any CPU
		{E1E12234-5741-4318-ABBE-24013C57DFDF}.Debug|x64.ActiveCfg = Debug|Any CPU
		{E1E12234-5741-4318-ABBE-24013C57DFDF}.Debug|x64.Build.0 = Debug|Any CPU
		{E1E12234-5741-4318-ABBE-24013C57DFDF}.Debug|x86.ActiveCfg = Debug|Any CPU
		{E1E12234-5741-4318-ABBE-24013C57DFDF}.Debug|x86.Build.0 = Debug|Any CPU
		{E1E12234-5741-4318-ABBE-24013C57DFDF}.Release|Any CPU.ActiveCfg = Release|Any CPU
		{E1E12234-5741-4318-ABBE-24013C57DFDF}.Release|Any CPU.Build.0 = Release|Any CPU
		{E1E12234-5741-4318-ABBE-24013C57DFDF}.Release|x64.ActiveCfg = Release|Any CPU
		{E1E12234-5741-4318-ABBE-24013C57DFDF}.Release|x64.Build.0 = Release|Any CPU
		{E1E12234-5741-4318-ABBE-24013C57DFDF}.Release|x86.ActiveCfg = Release|Any CPU
		{E1E12234-5741-4318-ABBE-24013C57DFDF}.Release|x86.Build.0 = Release|Any CPU
		{6A1F53CB-895A-4FE1-B635-FFB6A482E2E1}.Debug|Any CPU.ActiveCfg = Debug|Any CPU
		{6A1F53CB-895A-4FE1-B635-FFB6A482E2E1}.Debug|Any CPU.Build.0 = Debug|Any CPU
		{6A1F53CB-895A-4FE1-B635-FFB6A482E2E1}.Debug|x64.ActiveCfg = Debug|Any CPU
		{6A1F53CB-895A-4FE1-B635-FFB6A482E2E1}.Debug|x64.Build.0 = Debug|Any CPU
		{6A1F53CB-895A-4FE1-B635-FFB6A482E2E1}.Debug|x86.ActiveCfg = Debug|Any CPU
		{6A1F53CB-895A-4FE1-B635-FFB6A482E2E1}.Debug|x86.Build.0 = Debug|Any CPU
		{6A1F53CB-895A-4FE1-B635-FFB6A482E2E1}.Release|Any CPU.ActiveCfg = Release|Any CPU
		{6A1F53CB-895A-4FE1-B635-FFB6A482E2E1}.Release|Any CPU.Build.0 = Release|Any CPU
		{6A1F53CB-895A-4FE1-B635-FFB6A482E2E1}.Release|x64.ActiveCfg = Release|Any CPU
		{6A1F53CB-895A-4FE1-B635-FFB6A482E2E1}.Release|x64.Build.0 = Release|Any CPU
		{6A1F53CB-895A-4FE1-B635-FFB6A482E2E1}.Release|x86.ActiveCfg = Release|Any CPU
		{6A1F53CB-895A-4FE1-B635-FFB6A482E2E1}.Release|x86.Build.0 = Release|Any CPU
		{BFFEB20F-02C9-46FB-890E-7FD286360227}.Debug|Any CPU.ActiveCfg = Debug|Any CPU
		{BFFEB20F-02C9-46FB-890E-7FD286360227}.Debug|Any CPU.Build.0 = Debug|Any CPU
		{BFFEB20F-02C9-46FB-890E-7FD286360227}.Debug|x64.ActiveCfg = Debug|Any CPU
		{BFFEB20F-02C9-46FB-890E-7FD286360227}.Debug|x64.Build.0 = Debug|Any CPU
		{BFFEB20F-02C9-46FB-890E-7FD286360227}.Debug|x86.ActiveCfg = Debug|Any CPU
		{BFFEB20F-02C9-46FB-890E-7FD286360227}.Debug|x86.Build.0 = Debug|Any CPU
		{BFFEB20F-02C9-46FB-890E-7FD286360227}.Release|Any CPU.ActiveCfg = Release|Any CPU
		{BFFEB20F-02C9-46FB-890E-7FD286360227}.Release|Any CPU.Build.0 = Release|Any CPU
		{BFFEB20F-02C9-46FB-890E-7FD286360227}.Release|x64.ActiveCfg = Release|Any CPU
		{BFFEB20F-02C9-46FB-890E-7FD286360227}.Release|x64.Build.0 = Release|Any CPU
		{BFFEB20F-02C9-46FB-890E-7FD286360227}.Release|x86.ActiveCfg = Release|Any CPU
		{BFFEB20F-02C9-46FB-890E-7FD286360227}.Release|x86.Build.0 = Release|Any CPU
		{E8214582-51BF-4881-9E56-F2BCAFFE7426}.Debug|Any CPU.ActiveCfg = Debug|Any CPU
		{E8214582-51BF-4881-9E56-F2BCAFFE7426}.Debug|Any CPU.Build.0 = Debug|Any CPU
		{E8214582-51BF-4881-9E56-F2BCAFFE7426}.Debug|x64.ActiveCfg = Debug|Any CPU
		{E8214582-51BF-4881-9E56-F2BCAFFE7426}.Debug|x64.Build.0 = Debug|Any CPU
		{E8214582-51BF-4881-9E56-F2BCAFFE7426}.Debug|x86.ActiveCfg = Debug|Any CPU
		{E8214582-51BF-4881-9E56-F2BCAFFE7426}.Debug|x86.Build.0 = Debug|Any CPU
		{E8214582-51BF-4881-9E56-F2BCAFFE7426}.Release|Any CPU.ActiveCfg = Release|Any CPU
		{E8214582-51BF-4881-9E56-F2BCAFFE7426}.Release|Any CPU.Build.0 = Release|Any CPU
		{E8214582-51BF-4881-9E56-F2BCAFFE7426}.Release|x64.ActiveCfg = Release|Any CPU
		{E8214582-51BF-4881-9E56-F2BCAFFE7426}.Release|x64.Build.0 = Release|Any CPU
		{E8214582-51BF-4881-9E56-F2BCAFFE7426}.Release|x86.ActiveCfg = Release|Any CPU
		{E8214582-51BF-4881-9E56-F2BCAFFE7426}.Release|x86.Build.0 = Release|Any CPU
		{BA09C41A-0464-44EE-A419-4491AEED36F7}.Debug|Any CPU.ActiveCfg = Debug|Any CPU
		{BA09C41A-0464-44EE-A419-4491AEED36F7}.Debug|Any CPU.Build.0 = Debug|Any CPU
		{BA09C41A-0464-44EE-A419-4491AEED36F7}.Debug|x64.ActiveCfg = Debug|Any CPU
		{BA09C41A-0464-44EE-A419-4491AEED36F7}.Debug|x64.Build.0 = Debug|Any CPU
		{BA09C41A-0464-44EE-A419-4491AEED36F7}.Debug|x86.ActiveCfg = Debug|Any CPU
		{BA09C41A-0464-44EE-A419-4491AEED36F7}.Debug|x86.Build.0 = Debug|Any CPU
		{BA09C41A-0464-44EE-A419-4491AEED36F7}.Release|Any CPU.ActiveCfg = Release|Any CPU
		{BA09C41A-0464-44EE-A419-4491AEED36F7}.Release|Any CPU.Build.0 = Release|Any CPU
		{BA09C41A-0464-44EE-A419-4491AEED36F7}.Release|x64.ActiveCfg = Release|Any CPU
		{BA09C41A-0464-44EE-A419-4491AEED36F7}.Release|x64.Build.0 = Release|Any CPU
		{BA09C41A-0464-44EE-A419-4491AEED36F7}.Release|x86.ActiveCfg = Release|Any CPU
		{BA09C41A-0464-44EE-A419-4491AEED36F7}.Release|x86.Build.0 = Release|Any CPU
		{A27E770D-6EAC-4D38-8FA3-318A667B08D3}.Debug|Any CPU.ActiveCfg = Debug|Any CPU
		{A27E770D-6EAC-4D38-8FA3-318A667B08D3}.Debug|Any CPU.Build.0 = Debug|Any CPU
		{A27E770D-6EAC-4D38-8FA3-318A667B08D3}.Debug|x64.ActiveCfg = Debug|Any CPU
		{A27E770D-6EAC-4D38-8FA3-318A667B08D3}.Debug|x64.Build.0 = Debug|Any CPU
		{A27E770D-6EAC-4D38-8FA3-318A667B08D3}.Debug|x86.ActiveCfg = Debug|Any CPU
		{A27E770D-6EAC-4D38-8FA3-318A667B08D3}.Debug|x86.Build.0 = Debug|Any CPU
		{A27E770D-6EAC-4D38-8FA3-318A667B08D3}.Release|Any CPU.ActiveCfg = Release|Any CPU
		{A27E770D-6EAC-4D38-8FA3-318A667B08D3}.Release|Any CPU.Build.0 = Release|Any CPU
		{A27E770D-6EAC-4D38-8FA3-318A667B08D3}.Release|x64.ActiveCfg = Release|Any CPU
		{A27E770D-6EAC-4D38-8FA3-318A667B08D3}.Release|x64.Build.0 = Release|Any CPU
		{A27E770D-6EAC-4D38-8FA3-318A667B08D3}.Release|x86.ActiveCfg = Release|Any CPU
		{A27E770D-6EAC-4D38-8FA3-318A667B08D3}.Release|x86.Build.0 = Release|Any CPU
	EndGlobalSection
	GlobalSection(SolutionProperties) = preSolution
		HideSolutionNode = FALSE
	EndGlobalSection
	GlobalSection(NestedProjects) = preSolution
		{72F64FD0-3201-4209-BA12-D6E5D9D8D826} = {6158C57C-818C-4BFA-A336-8AFA78E8FD13}
		{DB22D1F3-97DD-48AC-97C1-8540A7043F71} = {58C03854-1AFB-4410-92F0-E9E79B0FBA37}
		{9C7713D6-9869-473C-8EEB-09C55F564FF2} = {DB22D1F3-97DD-48AC-97C1-8540A7043F71}
		{6490AC65-4169-4E1C-96D8-E2E26A01D6CC} = {9C7713D6-9869-473C-8EEB-09C55F564FF2}
		{D8535E58-D3CB-443A-8D81-76DFBE7B9CD3} = {6490AC65-4169-4E1C-96D8-E2E26A01D6CC}
		{3DF920C3-5BC1-44E1-A52F-E7AF49C996EA} = {6490AC65-4169-4E1C-96D8-E2E26A01D6CC}
		{04519B87-9BCE-4D2E-B9F9-C172BCCA07B8} = {9C7713D6-9869-473C-8EEB-09C55F564FF2}
		{BFC324C9-545A-4BBA-98FF-A917A06204AA} = {04519B87-9BCE-4D2E-B9F9-C172BCCA07B8}
		{063860A5-447F-4129-9E26-410AB8EC01B1} = {04519B87-9BCE-4D2E-B9F9-C172BCCA07B8}
		{5FA4BEE9-E67F-4050-BF2C-B1D1645276CB} = {E327019A-73FF-478C-940A-45D9982FB295}
		{6693F5A5-5C6E-4000-8EC7-DC4006A2744E} = {E327019A-73FF-478C-940A-45D9982FB295}
		{515EF770-9C4B-445B-A127-E5AA91DA73B4} = {58C03854-1AFB-4410-92F0-E9E79B0FBA37}
		{F76D6635-2610-47AD-B3CB-46C5564558DD} = {515EF770-9C4B-445B-A127-E5AA91DA73B4}
		{97CFC87D-C3CB-44A1-8B81-01ACD8492A37} = {F76D6635-2610-47AD-B3CB-46C5564558DD}
		{C5DF02E8-943B-476E-88C0-291ED838B5BC} = {97CFC87D-C3CB-44A1-8B81-01ACD8492A37}
		{D7CCDED0-4A42-4136-A1AF-0C2C7B7C28E6} = {97CFC87D-C3CB-44A1-8B81-01ACD8492A37}
		{9C7674F1-5169-425F-91B5-5CA9848BFFF2} = {F76D6635-2610-47AD-B3CB-46C5564558DD}
		{95F80E6A-9E84-4DFB-8F45-40A5E303B65D} = {9C7674F1-5169-425F-91B5-5CA9848BFFF2}
		{46AD17CB-D331-495A-9917-AC9914088A32} = {9C7674F1-5169-425F-91B5-5CA9848BFFF2}
		{D716DECF-05C5-4467-877C-FAEA021D1DBC} = {E327019A-73FF-478C-940A-45D9982FB295}
		{25E60917-07FC-47B2-92DE-E7017B7DEA8B} = {04519B87-9BCE-4D2E-B9F9-C172BCCA07B8}
		{B478C4CF-17C1-4FCB-9C67-84BD92C4D001} = {E327019A-73FF-478C-940A-45D9982FB295}
		{DC1AC1F4-519E-4D0C-90A8-C598CA0EDC96} = {58C03854-1AFB-4410-92F0-E9E79B0FBA37}
		{3763BCB3-8306-4A1D-ADD7-7D185F233C43} = {DC1AC1F4-519E-4D0C-90A8-C598CA0EDC96}
		{9D853231-A51F-4DB2-8191-FB10B781468C} = {3763BCB3-8306-4A1D-ADD7-7D185F233C43}
		{32E80534-27BB-4924-8CE5-04A518D22447} = {9D853231-A51F-4DB2-8191-FB10B781468C}
		{FAFAC01F-0D9B-48FF-A68C-95E35361CD7B} = {9D853231-A51F-4DB2-8191-FB10B781468C}
		{EC8AEF00-8EB0-4769-BEEA-DB8385490895} = {3763BCB3-8306-4A1D-ADD7-7D185F233C43}
		{4B73642C-63D2-4CC0-86A1-4C0D9587A613} = {EC8AEF00-8EB0-4769-BEEA-DB8385490895}
		{2A0AF311-EC5E-41F6-93A1-50414C8CC2D2} = {EC8AEF00-8EB0-4769-BEEA-DB8385490895}
		{304FD800-EC52-4F3B-B853-FB11982FA076} = {EC8AEF00-8EB0-4769-BEEA-DB8385490895}
		{D36F0D99-805B-48DA-AE42-5E929786A945} = {58C03854-1AFB-4410-92F0-E9E79B0FBA37}
		{0EA2F2C6-1B0C-48B4-A2C6-05B42D1C45A5} = {D36F0D99-805B-48DA-AE42-5E929786A945}
		{5EABFCBE-DBCB-442B-BF0A-7CCF0D823C6B} = {0EA2F2C6-1B0C-48B4-A2C6-05B42D1C45A5}
		{8454E27C-A71C-447A-92EE-AC88EB19FCED} = {5EABFCBE-DBCB-442B-BF0A-7CCF0D823C6B}
		{4E88D9E5-B927-4012-BB93-2B337A102CC6} = {5EABFCBE-DBCB-442B-BF0A-7CCF0D823C6B}
		{DFFD1A45-E56D-44D9-88B4-7C661E1CD01A} = {0EA2F2C6-1B0C-48B4-A2C6-05B42D1C45A5}
		{AE4165E3-5E75-4AF5-8700-19E452942B49} = {DFFD1A45-E56D-44D9-88B4-7C661E1CD01A}
		{9A21DFE5-BD17-4B97-B908-58D116A47BEE} = {DFFD1A45-E56D-44D9-88B4-7C661E1CD01A}
		{50F0F679-7D85-4199-90E3-F827B50A4BC1} = {DFFD1A45-E56D-44D9-88B4-7C661E1CD01A}
		{E1E12234-5741-4318-ABBE-24013C57DFDF} = {97CFC87D-C3CB-44A1-8B81-01ACD8492A37}
		{72A4BF49-8FE0-63F3-B1EE-BE01DCC6E998} = {58C03854-1AFB-4410-92F0-E9E79B0FBA37}
		{491EF117-D90B-004A-91B2-A0602933A357} = {72A4BF49-8FE0-63F3-B1EE-BE01DCC6E998}
		{90AEA37D-3E8A-4B41-36A2-57A9DC3413AD} = {491EF117-D90B-004A-91B2-A0602933A357}
		{6A1F53CB-895A-4FE1-B635-FFB6A482E2E1} = {90AEA37D-3E8A-4B41-36A2-57A9DC3413AD}
		{BFFEB20F-02C9-46FB-890E-7FD286360227} = {90AEA37D-3E8A-4B41-36A2-57A9DC3413AD}
		{CFB5F7E1-C69A-BDC9-F7D3-68EDF9AAF92E} = {491EF117-D90B-004A-91B2-A0602933A357}
		{E8214582-51BF-4881-9E56-F2BCAFFE7426} = {CFB5F7E1-C69A-BDC9-F7D3-68EDF9AAF92E}
		{BA09C41A-0464-44EE-A419-4491AEED36F7} = {CFB5F7E1-C69A-BDC9-F7D3-68EDF9AAF92E}
		{A27E770D-6EAC-4D38-8FA3-318A667B08D3} = {CFB5F7E1-C69A-BDC9-F7D3-68EDF9AAF92E}
	EndGlobalSection
EndGlobal
