
Microsoft Visual Studio Solution File, Format Version 12.00
# Visual Studio Version 17
VisualStudioVersion = 17.0.31903.59
MinimumVisualStudioVersion = 10.0.40219.1
Project("{2150E333-8FDC-42A3-9474-1A3956D46DE8}") = "Web", "Web", "{6158C57C-818C-4BFA-A336-8AFA78E8FD13}"
EndProject
Project("{FAE04EC0-301F-11D3-BF4B-00C04F79EFBC}") = "Api", "Web\Api\Api.csproj", "{72F64FD0-3201-4209-BA12-D6E5D9D8D826}"
EndProject
Project("{2150E333-8FDC-42A3-9474-1A3956D46DE8}") = "Modules", "Modules", "{58C03854-1AFB-4410-92F0-E9E79B0FBA37}"
EndProject
Project("{2150E333-8FDC-42A3-9474-1A3956D46DE8}") = "Users", "Users", "{DB22D1F3-97DD-48AC-97C1-8540A7043F71}"
EndProject
Project("{2150E333-8FDC-42A3-9474-1A3956D46DE8}") = "src", "src", "{9C7713D6-9869-473C-8EEB-09C55F564FF2}"
EndProject
Project("{2150E333-8FDC-42A3-9474-1A3956D46DE8}") = "Core", "Core", "{6490AC65-4169-4E1C-96D8-E2E26A01D6CC}"
EndProject
Project("{FAE04EC0-301F-11D3-BF4B-00C04F79EFBC}") = "Modules.Users.Domain", "Modules\Users\src\Core\Modules.Users.Domain\Modules.Users.Domain.csproj", "{D8535E58-D3CB-443A-8D81-76DFBE7B9CD3}"
EndProject
Project("{FAE04EC0-301F-11D3-BF4B-00C04F79EFBC}") = "Modules.Users.Application", "Modules\Users\src\Core\Modules.Users.Application\Modules.Users.Application.csproj", "{3DF920C3-5BC1-44E1-A52F-E7AF49C996EA}"
EndProject
Project("{2150E333-8FDC-42A3-9474-1A3956D46DE8}") = "External", "External", "{04519B87-9BCE-4D2E-B9F9-C172BCCA07B8}"
EndProject
Project("{FAE04EC0-301F-11D3-BF4B-00C04F79EFBC}") = "Modules.Users.Persistence", "Modules\Users\src\External\Modules.Users.Persistence\Modules.Users.Persistence.csproj", "{303253CE-1D6B-4A8E-B2DE-2BADB087281D}"
EndProject
Project("{FAE04EC0-301F-11D3-BF4B-00C04F79EFBC}") = "Modules.Users.Presentation", "Modules\Users\src\External\Modules.Users.Presentation\Modules.Users.Presentation.csproj", "{BFC324C9-545A-4BBA-98FF-A917A06204AA}"
EndProject
Project("{FAE04EC0-301F-11D3-BF4B-00C04F79EFBC}") = "Modules.Users.Infrastructure", "Modules\Users\src\External\Modules.Users.Infrastructure\Modules.Users.Infrastructure.csproj", "{063860A5-447F-4129-9E26-410AB8EC01B1}"
EndProject
Project("{2150E333-8FDC-42A3-9474-1A3956D46DE8}") = "Common", "Common", "{E327019A-73FF-478C-940A-45D9982FB295}"
EndProject
Project("{FAE04EC0-301F-11D3-BF4B-00C04F79EFBC}") = "Common.Application", "Common\Common.Application\Common.Application.csproj", "{5FA4BEE9-E67F-4050-BF2C-B1D1645276CB}"
EndProject
Project("{FAE04EC0-301F-11D3-BF4B-00C04F79EFBC}") = "Common.Presentation", "Common\Common.Presentation\Common.Presentation.csproj", "{6693F5A5-5C6E-4000-8EC7-DC4006A2744E}"
EndProject
Project("{2150E333-8FDC-42A3-9474-1A3956D46DE8}") = "Notifications", "Notifications", "{515EF770-9C4B-445B-A127-E5AA91DA73B4}"
EndProject
Project("{2150E333-8FDC-42A3-9474-1A3956D46DE8}") = "src", "src", "{F76D6635-2610-47AD-B3CB-46C5564558DD}"
EndProject
Project("{2150E333-8FDC-42A3-9474-1A3956D46DE8}") = "External", "External", "{97CFC87D-C3CB-44A1-8B81-01ACD8492A37}"
EndProject
Project("{FAE04EC0-301F-11D3-BF4B-00C04F79EFBC}") = "Modules.Notifications.Presentation", "Modules\Notifications\src\External\Modules.Notifications.Presentation\Modules.Notifications.Presentation.csproj", "{C5DF02E8-943B-476E-88C0-291ED838B5BC}"
EndProject
Project("{FAE04EC0-301F-11D3-BF4B-00C04F79EFBC}") = "Modules.Notifications.Persistence", "Modules\Notifications\src\External\Modules.Notifications.Persistence\Modules.Notifications.Persistence.csproj", "{300A6662-F127-490A-A337-7BD36079FE51}"
EndProject
Project("{FAE04EC0-301F-11D3-BF4B-00C04F79EFBC}") = "Modules.Notifications.Infrastructure", "Modules\Notifications\src\External\Modules.Notifications.Infrastructure\Modules.Notifications.Infrastructure.csproj", "{D7CCDED0-4A42-4136-A1AF-0C2C7B7C28E6}"
EndProject
Project("{2150E333-8FDC-42A3-9474-1A3956D46DE8}") = "Core", "Core", "{9C7674F1-5169-425F-91B5-5CA9848BFFF2}"
EndProject
Project("{FAE04EC0-301F-11D3-BF4B-00C04F79EFBC}") = "Modules.Notifications.Domain", "Modules\Notifications\src\Core\Modules.Notifications.Domain\Modules.Notifications.Domain.csproj", "{95F80E6A-9E84-4DFB-8F45-40A5E303B65D}"
EndProject
Project("{FAE04EC0-301F-11D3-BF4B-00C04F79EFBC}") = "Modules.Notifications.Application", "Modules\Notifications\src\Core\Modules.Notifications.Application\Modules.Notifications.Application.csproj", "{46AD17CB-D331-495A-9917-AC9914088A32}"
EndProject
Project("{FAE04EC0-301F-11D3-BF4B-00C04F79EFBC}") = "Common.Infrastructure", "Common\Common.Infrastructure\Common.Infrastructure.csproj", "{D716DECF-05C5-4467-877C-FAEA021D1DBC}"
EndProject
Global
	GlobalSection(SolutionConfigurationPlatforms) = preSolution
		Debug|Any CPU = Debug|Any CPU
		Release|Any CPU = Release|Any CPU
	EndGlobalSection
	GlobalSection(SolutionProperties) = preSolution
		HideSolutionNode = FALSE
	EndGlobalSection
	GlobalSection(ProjectConfigurationPlatforms) = postSolution
		{72F64FD0-3201-4209-BA12-D6E5D9D8D826}.Debug|Any CPU.ActiveCfg = Debug|Any CPU
		{72F64FD0-3201-4209-BA12-D6E5D9D8D826}.Debug|Any CPU.Build.0 = Debug|Any CPU
		{72F64FD0-3201-4209-BA12-D6E5D9D8D826}.Release|Any CPU.ActiveCfg = Release|Any CPU
		{72F64FD0-3201-4209-BA12-D6E5D9D8D826}.Release|Any CPU.Build.0 = Release|Any CPU
		{D8535E58-D3CB-443A-8D81-76DFBE7B9CD3}.Debug|Any CPU.ActiveCfg = Debug|Any CPU
		{D8535E58-D3CB-443A-8D81-76DFBE7B9CD3}.Debug|Any CPU.Build.0 = Debug|Any CPU
		{D8535E58-D3CB-443A-8D81-76DFBE7B9CD3}.Release|Any CPU.ActiveCfg = Release|Any CPU
		{D8535E58-D3CB-443A-8D81-76DFBE7B9CD3}.Release|Any CPU.Build.0 = Release|Any CPU
		{3DF920C3-5BC1-44E1-A52F-E7AF49C996EA}.Debug|Any CPU.ActiveCfg = Debug|Any CPU
		{3DF920C3-5BC1-44E1-A52F-E7AF49C996EA}.Debug|Any CPU.Build.0 = Debug|Any CPU
		{3DF920C3-5BC1-44E1-A52F-E7AF49C996EA}.Release|Any CPU.ActiveCfg = Release|Any CPU
		{3DF920C3-5BC1-44E1-A52F-E7AF49C996EA}.Release|Any CPU.Build.0 = Release|Any CPU
		{303253CE-1D6B-4A8E-B2DE-2BADB087281D}.Debug|Any CPU.ActiveCfg = Debug|Any CPU
		{303253CE-1D6B-4A8E-B2DE-2BADB087281D}.Debug|Any CPU.Build.0 = Debug|Any CPU
		{303253CE-1D6B-4A8E-B2DE-2BADB087281D}.Release|Any CPU.ActiveCfg = Release|Any CPU
		{303253CE-1D6B-4A8E-B2DE-2BADB087281D}.Release|Any CPU.Build.0 = Release|Any CPU
		{BFC324C9-545A-4BBA-98FF-A917A06204AA}.Debug|Any CPU.ActiveCfg = Debug|Any CPU
		{BFC324C9-545A-4BBA-98FF-A917A06204AA}.Debug|Any CPU.Build.0 = Debug|Any CPU
		{BFC324C9-545A-4BBA-98FF-A917A06204AA}.Release|Any CPU.ActiveCfg = Release|Any CPU
		{BFC324C9-545A-4BBA-98FF-A917A06204AA}.Release|Any CPU.Build.0 = Release|Any CPU
		{063860A5-447F-4129-9E26-410AB8EC01B1}.Debug|Any CPU.ActiveCfg = Debug|Any CPU
		{063860A5-447F-4129-9E26-410AB8EC01B1}.Debug|Any CPU.Build.0 = Debug|Any CPU
		{063860A5-447F-4129-9E26-410AB8EC01B1}.Release|Any CPU.ActiveCfg = Release|Any CPU
		{063860A5-447F-4129-9E26-410AB8EC01B1}.Release|Any CPU.Build.0 = Release|Any CPU
		{5FA4BEE9-E67F-4050-BF2C-B1D1645276CB}.Debug|Any CPU.ActiveCfg = Debug|Any CPU
		{5FA4BEE9-E67F-4050-BF2C-B1D1645276CB}.Debug|Any CPU.Build.0 = Debug|Any CPU
		{5FA4BEE9-E67F-4050-BF2C-B1D1645276CB}.Release|Any CPU.ActiveCfg = Release|Any CPU
		{5FA4BEE9-E67F-4050-BF2C-B1D1645276CB}.Release|Any CPU.Build.0 = Release|Any CPU
		{6693F5A5-5C6E-4000-8EC7-DC4006A2744E}.Debug|Any CPU.ActiveCfg = Debug|Any CPU
		{6693F5A5-5C6E-4000-8EC7-DC4006A2744E}.Debug|Any CPU.Build.0 = Debug|Any CPU
		{6693F5A5-5C6E-4000-8EC7-DC4006A2744E}.Release|Any CPU.ActiveCfg = Release|Any CPU
		{6693F5A5-5C6E-4000-8EC7-DC4006A2744E}.Release|Any CPU.Build.0 = Release|Any CPU
		{C5DF02E8-943B-476E-88C0-291ED838B5BC}.Debug|Any CPU.ActiveCfg = Debug|Any CPU
		{C5DF02E8-943B-476E-88C0-291ED838B5BC}.Debug|Any CPU.Build.0 = Debug|Any CPU
		{C5DF02E8-943B-476E-88C0-291ED838B5BC}.Release|Any CPU.ActiveCfg = Release|Any CPU
		{C5DF02E8-943B-476E-88C0-291ED838B5BC}.Release|Any CPU.Build.0 = Release|Any CPU
		{300A6662-F127-490A-A337-7BD36079FE51}.Debug|Any CPU.ActiveCfg = Debug|Any CPU
		{300A6662-F127-490A-A337-7BD36079FE51}.Debug|Any CPU.Build.0 = Debug|Any CPU
		{300A6662-F127-490A-A337-7BD36079FE51}.Release|Any CPU.ActiveCfg = Release|Any CPU
		{300A6662-F127-490A-A337-7BD36079FE51}.Release|Any CPU.Build.0 = Release|Any CPU
		{D7CCDED0-4A42-4136-A1AF-0C2C7B7C28E6}.Debug|Any CPU.ActiveCfg = Debug|Any CPU
		{D7CCDED0-4A42-4136-A1AF-0C2C7B7C28E6}.Debug|Any CPU.Build.0 = Debug|Any CPU
		{D7CCDED0-4A42-4136-A1AF-0C2C7B7C28E6}.Release|Any CPU.ActiveCfg = Release|Any CPU
		{D7CCDED0-4A42-4136-A1AF-0C2C7B7C28E6}.Release|Any CPU.Build.0 = Release|Any CPU
		{95F80E6A-9E84-4DFB-8F45-40A5E303B65D}.Debug|Any CPU.ActiveCfg = Debug|Any CPU
		{95F80E6A-9E84-4DFB-8F45-40A5E303B65D}.Debug|Any CPU.Build.0 = Debug|Any CPU
		{95F80E6A-9E84-4DFB-8F45-40A5E303B65D}.Release|Any CPU.ActiveCfg = Release|Any CPU
		{95F80E6A-9E84-4DFB-8F45-40A5E303B65D}.Release|Any CPU.Build.0 = Release|Any CPU
		{46AD17CB-D331-495A-9917-AC9914088A32}.Debug|Any CPU.ActiveCfg = Debug|Any CPU
		{46AD17CB-D331-495A-9917-AC9914088A32}.Debug|Any CPU.Build.0 = Debug|Any CPU
		{46AD17CB-D331-495A-9917-AC9914088A32}.Release|Any CPU.ActiveCfg = Release|Any CPU
		{46AD17CB-D331-495A-9917-AC9914088A32}.Release|Any CPU.Build.0 = Release|Any CPU
		{D716DECF-05C5-4467-877C-FAEA021D1DBC}.Debug|Any CPU.ActiveCfg = Debug|Any CPU
		{D716DECF-05C5-4467-877C-FAEA021D1DBC}.Debug|Any CPU.Build.0 = Debug|Any CPU
		{D716DECF-05C5-4467-877C-FAEA021D1DBC}.Release|Any CPU.ActiveCfg = Release|Any CPU
		{D716DECF-05C5-4467-877C-FAEA021D1DBC}.Release|Any CPU.Build.0 = Release|Any CPU
	EndGlobalSection
	GlobalSection(NestedProjects) = preSolution
		{72F64FD0-3201-4209-BA12-D6E5D9D8D826} = {6158C57C-818C-4BFA-A336-8AFA78E8FD13}
		{DB22D1F3-97DD-48AC-97C1-8540A7043F71} = {58C03854-1AFB-4410-92F0-E9E79B0FBA37}
		{9C7713D6-9869-473C-8EEB-09C55F564FF2} = {DB22D1F3-97DD-48AC-97C1-8540A7043F71}
		{6490AC65-4169-4E1C-96D8-E2E26A01D6CC} = {9C7713D6-9869-473C-8EEB-09C55F564FF2}
		{D8535E58-D3CB-443A-8D81-76DFBE7B9CD3} = {6490AC65-4169-4E1C-96D8-E2E26A01D6CC}
		{3DF920C3-5BC1-44E1-A52F-E7AF49C996EA} = {6490AC65-4169-4E1C-96D8-E2E26A01D6CC}
		{04519B87-9BCE-4D2E-B9F9-C172BCCA07B8} = {9C7713D6-9869-473C-8EEB-09C55F564FF2}
		{303253CE-1D6B-4A8E-B2DE-2BADB087281D} = {04519B87-9BCE-4D2E-B9F9-C172BCCA07B8}
		{BFC324C9-545A-4BBA-98FF-A917A06204AA} = {04519B87-9BCE-4D2E-B9F9-C172BCCA07B8}
		{063860A5-447F-4129-9E26-410AB8EC01B1} = {04519B87-9BCE-4D2E-B9F9-C172BCCA07B8}
		{5FA4BEE9-E67F-4050-BF2C-B1D1645276CB} = {E327019A-73FF-478C-940A-45D9982FB295}
		{6693F5A5-5C6E-4000-8EC7-DC4006A2744E} = {E327019A-73FF-478C-940A-45D9982FB295}
		{515EF770-9C4B-445B-A127-E5AA91DA73B4} = {58C03854-1AFB-4410-92F0-E9E79B0FBA37}
		{F76D6635-2610-47AD-B3CB-46C5564558DD} = {515EF770-9C4B-445B-A127-E5AA91DA73B4}
		{97CFC87D-C3CB-44A1-8B81-01ACD8492A37} = {F76D6635-2610-47AD-B3CB-46C5564558DD}
		{C5DF02E8-943B-476E-88C0-291ED838B5BC} = {97CFC87D-C3CB-44A1-8B81-01ACD8492A37}
		{300A6662-F127-490A-A337-7BD36079FE51} = {97CFC87D-C3CB-44A1-8B81-01ACD8492A37}
		{D7CCDED0-4A42-4136-A1AF-0C2C7B7C28E6} = {97CFC87D-C3CB-44A1-8B81-01ACD8492A37}
		{9C7674F1-5169-425F-91B5-5CA9848BFFF2} = {F76D6635-2610-47AD-B3CB-46C5564558DD}
		{95F80E6A-9E84-4DFB-8F45-40A5E303B65D} = {9C7674F1-5169-425F-91B5-5CA9848BFFF2}
		{46AD17CB-D331-495A-9917-AC9914088A32} = {9C7674F1-5169-425F-91B5-5CA9848BFFF2}
		{D716DECF-05C5-4467-877C-FAEA021D1DBC} = {E327019A-73FF-478C-940A-45D9982FB295}
	EndGlobalSection
EndGlobal
